
Microsoft Visual Studio Solution File, Format Version 12.00
# Visual Studio Version 17
VisualStudioVersion = 17.12.35707.178 d17.12
MinimumVisualStudioVersion = 10.0.40219.1
Project("{FAE04EC0-301F-11D3-BF4B-00C04F79EFBC}") = "Latihan4", "Latihan4.csproj", "{FBBBD4B8-133C-490D-8BCF-3B396E522447}"
EndProject
Global
	GlobalSection(SolutionConfigurationPlatforms) = preSolution
		Debug|Any CPU = Debug|Any CPU
		Release|Any CPU = Release|Any CPU
	EndGlobalSection
	GlobalSection(ProjectConfigurationPlatforms) = postSolution
		{FBBBD4B8-133C-490D-8BCF-3B396E522447}.Debug|Any CPU.ActiveCfg = Debug|Any CPU
		{FBBBD4B8-133C-490D-8BCF-3B396E522447}.Debug|Any CPU.Build.0 = Debug|Any CPU
		{FBBBD4B8-133C-490D-8BCF-3B396E522447}.Release|Any CPU.ActiveCfg = Release|Any CPU
		{FBBBD4B8-133C-490D-8BCF-3B396E522447}.Release|Any CPU.Build.0 = Release|Any CPU
	EndGlobalSection
	GlobalSection(SolutionProperties) = preSolution
		HideSolutionNode = FALSE
	EndGlobalSection
EndGlobal
